
Microsoft Visual Studio Solution File, Format Version 12.00
# Visual Studio Version 17
VisualStudioVersion = 17.14.37411.7
MinimumVisualStudioVersion = 10.0.40219.1
Project("{2150E333-8FDC-42A3-9474-1A3956D46DE8}") = "Services", "Services", "{02EA681E-C7D8-13C7-8484-4AC65E1B71E8}"
EndProject
Project("{2150E333-8FDC-42A3-9474-1A3956D46DE8}") = "Catalog", "Catalog", "{97E10FED-081E-4A7A-8BA7-8245ECDBA9B3}"
EndProject
Project("{FAE04EC0-301F-11D3-BF4B-00C04F79EFBC}") = "CatalogAPI", "Services\Catalog\CatalogAPI\CatalogAPI.csproj", "{8E9178A6-6A3F-4F94-9A40-44F4610E8FD3}"
EndProject
Project("{2150E333-8FDC-42A3-9474-1A3956D46DE8}") = "BuildingBlocks", "BuildingBlocks", "{97CF0033-8A8C-462D-97DA-85769ED829AB}"
EndProject
Project("{FAE04EC0-301F-11D3-BF4B-00C04F79EFBC}") = "BuildingBlocks", "BuildingBlocks\BuildingBlocks\BuildingBlocks.csproj", "{45F4785D-C905-4F38-B448-3D13D422D7BE}"
EndProject
Project("{E53339B2-1760-4266-BCC7-CA923CBCF16C}") = "docker-compose", "docker-compose.dcproj", "{81DDED9D-158B-E303-5F62-77A2896D2A5A}"
EndProject
Project("{2150E333-8FDC-42A3-9474-1A3956D46DE8}") = "Basket", "Basket", "{D178487E-855E-4FDF-9CEC-E53F70F0B895}"
EndProject
Project("{FAE04EC0-301F-11D3-BF4B-00C04F79EFBC}") = "Basket.API", "Services\Basket\Basket.API\Basket.API.csproj", "{61C73990-3408-43C9-8665-4D32F091FBA7}"
EndProject
Project("{FAE04EC0-301F-11D3-BF4B-00C04F79EFBC}") = "Discount.Grpc", "Services\Discount\Discount.Grpc\Discount.Grpc.csproj", "{AB33666C-FDC7-41F3-91BC-FE467DAB4C2F}"
EndProject
Project("{2150E333-8FDC-42A3-9474-1A3956D46DE8}") = "Ordering", "Ordering", "{437D115C-43A8-46D1-8CEB-DF3DD6938FC4}"
EndProject
Project("{FAE04EC0-301F-11D3-BF4B-00C04F79EFBC}") = "Ordering.API", "Services\Ordering\Ordering.API\Ordering.API.csproj", "{C6EA042A-91AF-471D-9ADD-C0B681B861B9}"
EndProject
Project("{FAE04EC0-301F-11D3-BF4B-00C04F79EFBC}") = "Ordering.Domain", "Services\Ordering\Ordering.Domain\Ordering.Domain.csproj", "{CA0A5FAE-F95D-47FD-8166-8C5A371C0E71}"
EndProject
Project("{FAE04EC0-301F-11D3-BF4B-00C04F79EFBC}") = "Ordering.Application", "Services\Ordering\Ordering.Application\Ordering.Application.csproj", "{AE1A50A3-E485-44DD-A484-37C6F8531E7B}"
EndProject
Project("{FAE04EC0-301F-11D3-BF4B-00C04F79EFBC}") = "Ordering.Infrastructure", "Services\Ordering\Ordering.Infrastructure\Ordering.Infrastructure.csproj", "{CD2630BE-3472-4DA5-A2CA-59D3412E5B78}"
EndProject
Global
	GlobalSection(SolutionConfigurationPlatforms) = preSolution
		Debug|Any CPU = Debug|Any CPU
		Release|Any CPU = Release|Any CPU
	EndGlobalSection
	GlobalSection(ProjectConfigurationPlatforms) = postSolution
		{8E9178A6-6A3F-4F94-9A40-44F4610E8FD3}.Debug|Any CPU.ActiveCfg = Debug|Any CPU
		{8E9178A6-6A3F-4F94-9A40-44F4610E8FD3}.Debug|Any CPU.Build.0 = Debug|Any CPU
		{8E9178A6-6A3F-4F94-9A40-44F4610E8FD3}.Release|Any CPU.ActiveCfg = Release|Any CPU
		{8E9178A6-6A3F-4F94-9A40-44F4610E8FD3}.Release|Any CPU.Build.0 = Release|Any CPU
		{45F4785D-C905-4F38-B448-3D13D422D7BE}.Debug|Any CPU.ActiveCfg = Debug|Any CPU
		{45F4785D-C905-4F38-B448-3D13D422D7BE}.Debug|Any CPU.Build.0 = Debug|Any CPU
		{45F4785D-C905-4F38-B448-3D13D422D7BE}.Release|Any CPU.ActiveCfg = Release|Any CPU
		{45F4785D-C905-4F38-B448-3D13D422D7BE}.Release|Any CPU.Build.0 = Release|Any CPU
		{81DDED9D-158B-E303-5F62-77A2896D2A5A}.Debug|Any CPU.ActiveCfg = Debug|Any CPU
		{81DDED9D-158B-E303-5F62-77A2896D2A5A}.Debug|Any CPU.Build.0 = Debug|Any CPU
		{81DDED9D-158B-E303-5F62-77A2896D2A5A}.Release|Any CPU.ActiveCfg = Release|Any CPU
		{81DDED9D-158B-E303-5F62-77A2896D2A5A}.Release|Any CPU.Build.0 = Release|Any CPU
		{61C73990-3408-43C9-8665-4D32F091FBA7}.Debug|Any CPU.ActiveCfg = Debug|Any CPU
		{61C73990-3408-43C9-8665-4D32F091FBA7}.Debug|Any CPU.Build.0 = Debug|Any CPU
		{61C73990-3408-43C9-8665-4D32F091FBA7}.Release|Any CPU.ActiveCfg = Release|Any CPU
		{61C73990-3408-43C9-8665-4D32F091FBA7}.Release|Any CPU.Build.0 = Release|Any CPU
		{AB33666C-FDC7-41F3-91BC-FE467DAB4C2F}.Debug|Any CPU.ActiveCfg = Debug|Any CPU
		{AB33666C-FDC7-41F3-91BC-FE467DAB4C2F}.Debug|Any CPU.Build.0 = Debug|Any CPU
		{AB33666C-FDC7-41F3-91BC-FE467DAB4C2F}.Release|Any CPU.ActiveCfg = Release|Any CPU
		{AB33666C-FDC7-41F3-91BC-FE467DAB4C2F}.Release|Any CPU.Build.0 = Release|Any CPU
		{C6EA042A-91AF-471D-9ADD-C0B681B861B9}.Debug|Any CPU.ActiveCfg = Debug|Any CPU
		{C6EA042A-91AF-471D-9ADD-C0B681B861B9}.Debug|Any CPU.Build.0 = Debug|Any CPU
		{C6EA042A-91AF-471D-9ADD-C0B681B861B9}.Release|Any CPU.ActiveCfg = Release|Any CPU
		{C6EA042A-91AF-471D-9ADD-C0B681B861B9}.Release|Any CPU.Build.0 = Release|Any CPU
		{CA0A5FAE-F95D-47FD-8166-8C5A371C0E71}.Debug|Any CPU.ActiveCfg = Debug|Any CPU
		{CA0A5FAE-F95D-47FD-8166-8C5A371C0E71}.Debug|Any CPU.Build.0 = Debug|Any CPU
		{CA0A5FAE-F95D-47FD-8166-8C5A371C0E71}.Release|Any CPU.ActiveCfg = Release|Any CPU
		{CA0A5FAE-F95D-47FD-8166-8C5A371C0E71}.Release|Any CPU.Build.0 = Release|Any CPU
		{AE1A50A3-E485-44DD-A484-37C6F8531E7B}.Debug|Any CPU.ActiveCfg = Debug|Any CPU
		{AE1A50A3-E485-44DD-A484-37C6F8531E7B}.Debug|Any CPU.Build.0 = Debug|Any CPU
		{AE1A50A3-E485-44DD-A484-37C6F8531E7B}.Release|Any CPU.ActiveCfg = Release|Any CPU
		{AE1A50A3-E485-44DD-A484-37C6F8531E7B}.Release|Any CPU.Build.0 = Release|Any CPU
		{CD2630BE-3472-4DA5-A2CA-59D3412E5B78}.Debug|Any CPU.ActiveCfg = Debug|Any CPU
		{CD2630BE-3472-4DA5-A2CA-59D3412E5B78}.Debug|Any CPU.Build.0 = Debug|Any CPU
		{CD2630BE-3472-4DA5-A2CA-59D3412E5B78}.Release|Any CPU.ActiveCfg = Release|Any CPU
		{CD2630BE-3472-4DA5-A2CA-59D3412E5B78}.Release|Any CPU.Build.0 = Release|Any CPU
	EndGlobalSection
	GlobalSection(SolutionProperties) = preSolution
		HideSolutionNode = FALSE
	EndGlobalSection
	GlobalSection(NestedProjects) = preSolution
		{97E10FED-081E-4A7A-8BA7-8245ECDBA9B3} = {02EA681E-C7D8-13C7-8484-4AC65E1B71E8}
		{8E9178A6-6A3F-4F94-9A40-44F4610E8FD3} = {97E10FED-081E-4A7A-8BA7-8245ECDBA9B3}
		{45F4785D-C905-4F38-B448-3D13D422D7BE} = {97CF0033-8A8C-462D-97DA-85769ED829AB}
		{D178487E-855E-4FDF-9CEC-E53F70F0B895} = {02EA681E-C7D8-13C7-8484-4AC65E1B71E8}
		{61C73990-3408-43C9-8665-4D32F091FBA7} = {D178487E-855E-4FDF-9CEC-E53F70F0B895}
		{AB33666C-FDC7-41F3-91BC-FE467DAB4C2F} = {02EA681E-C7D8-13C7-8484-4AC65E1B71E8}
		{437D115C-43A8-46D1-8CEB-DF3DD6938FC4} = {02EA681E-C7D8-13C7-8484-4AC65E1B71E8}
		{C6EA042A-91AF-471D-9ADD-C0B681B861B9} = {437D115C-43A8-46D1-8CEB-DF3DD6938FC4}
		{CA0A5FAE-F95D-47FD-8166-8C5A371C0E71} = {437D115C-43A8-46D1-8CEB-DF3DD6938FC4}
		{AE1A50A3-E485-44DD-A484-37C6F8531E7B} = {437D115C-43A8-46D1-8CEB-DF3DD6938FC4}
		{CD2630BE-3472-4DA5-A2CA-59D3412E5B78} = {437D115C-43A8-46D1-8CEB-DF3DD6938FC4}
	EndGlobalSection
	GlobalSection(ExtensibilityGlobals) = postSolution
		SolutionGuid = {44C92D7D-6478-4064-A6DD-821618034172}
	EndGlobalSection
EndGlobal
